
Microsoft Visual Studio Solution File, Format Version 12.00
# Visual Studio Version 17
VisualStudioVersion = 17.14.36414.22
MinimumVisualStudioVersion = 10.0.40219.1
Project("{2150E333-8FDC-42A3-9474-1A3956D46DE8}") = "Tyuiu.KosyakovDS.Sprint6.Task0.V26", "Tyuiu.KosyakovDS.Sprint6.Task0.V26", "{02EA681E-C7D8-13C7-8484-4AC65E1B71E8}"
EndProject
Project("{FAE04EC0-301F-11D3-BF4B-00C04F79EFBC}") = "Tyuiu.KosyakovDS.Sprint6.Task0.V26.Lib", "Tyuiu.KosyakovDS.Sprint6.Task0.V26.Lib\Tyuiu.KosyakovDS.Sprint6.Task0.V26.Lib.csproj", "{1FCECCFC-2625-48D4-9157-E405C80F5F82}"
EndProject
Project("{FAE04EC0-301F-11D3-BF4B-00C04F79EFBC}") = "Tyuiu.KosyakovDS.Sprint6.Task0.V26.Test", "Tyuiu.KosyakovDS.Sprint6.Task0.V26.Test\Tyuiu.KosyakovDS.Sprint6.Task0.V26.Test.csproj", "{D3E639FB-708F-4C17-8193-41A9E79A7333}"
EndProject
Project("{FAE04EC0-301F-11D3-BF4B-00C04F79EFBC}") = "Tyuiu.KosyakovDS.Sprint6.Task0.V26", "Tyuiu.KosyakovDS.Sprint6.Task0.V26\Tyuiu.KosyakovDS.Sprint6.Task0.V26.csproj", "{75E7235F-09E7-47B0-A176-D45F84B46897}"
EndProject
Project("{2150E333-8FDC-42A3-9474-1A3956D46DE8}") = "Tyuiu.KosyakovDS.Sprint6.Task1.V23", "Tyuiu.KosyakovDS.Sprint6.Task1.V23", "{77DE3C63-13A4-4710-81A3-F6ECF72C3F86}"
EndProject
Project("{FAE04EC0-301F-11D3-BF4B-00C04F79EFBC}") = "Tyuiu.KosyakovDS.Sprint6.Task1.V23.Lib", "Tyuiu.KosyakovDS.Sprint6.Task1.V23.Lib\Tyuiu.KosyakovDS.Sprint6.Task1.V23.Lib.csproj", "{C2B9DAF4-CD64-4673-9048-35BBF462E7F8}"
EndProject
Project("{FAE04EC0-301F-11D3-BF4B-00C04F79EFBC}") = "Tyuiu.KosyakovDS.Sprint6.Task1.V23.Test", "Tyuiu.KosyakovDS.Sprint6.Task1.V23.Test\Tyuiu.KosyakovDS.Sprint6.Task1.V23.Test.csproj", "{9B315406-F5A5-4A31-AEF1-CD23D553E4DB}"
EndProject
Project("{FAE04EC0-301F-11D3-BF4B-00C04F79EFBC}") = "Tyuiu.KosyakovDS.Sprint6.Task1.V23", "Tyuiu.KosyakovDS.Sprint6.Task1.V23\Tyuiu.KosyakovDS.Sprint6.Task1.V23.csproj", "{B6AE803A-A23F-4072-BFF4-100E193310E5}"
EndProject
Project("{2150E333-8FDC-42A3-9474-1A3956D46DE8}") = "Tyuiu.KosyakovDS.Sprint6.Task2.V13", "Tyuiu.KosyakovDS.Sprint6.Task2.V13", "{C947E992-7995-4D8C-95DD-EA85C1577FE4}"
EndProject
Project("{FAE04EC0-301F-11D3-BF4B-00C04F79EFBC}") = "Tyuiu.KosyakovDS.Sprint6.Task2.V13", "Tyuiu.KosyakovDS.Sprint6.Task2.V13\Tyuiu.KosyakovDS.Sprint6.Task2.V13.csproj", "{2682D5DE-5832-4AC4-B079-0F51F833A908}"
EndProject
Project("{FAE04EC0-301F-11D3-BF4B-00C04F79EFBC}") = "Tyuiu.KosyakovDS.Sprint6.Task2.V13.Lib", "Tyuiu.KosyakovDS.Sprint6.Task2.V13.Lib\Tyuiu.KosyakovDS.Sprint6.Task2.V13.Lib.csproj", "{3AA29EEE-B690-4311-A857-25C67633C028}"
EndProject
Project("{FAE04EC0-301F-11D3-BF4B-00C04F79EFBC}") = "Tyuiu.KosyakovDS.Sprint6.Task2.V13.Test", "Tyuiu.KosyakovDS.Sprint6.Task2.V13.Test\Tyuiu.KosyakovDS.Sprint6.Task2.V13.Test.csproj", "{F82476FB-7620-4C97-A9C5-4ECCD0A606E6}"
EndProject
Project("{2150E333-8FDC-42A3-9474-1A3956D46DE8}") = "Tyuiu.KosyakovDS.Sprint6.Task3.V9", "Tyuiu.KosyakovDS.Sprint6.Task3.V9", "{36D690BA-BCEB-426E-961A-ED119541B499}"
EndProject
Project("{FAE04EC0-301F-11D3-BF4B-00C04F79EFBC}") = "Tyuiu.KosyakovDS.Sprint6.Task3.V9", "Tyuiu.KosyakovDS.Sprint6.Task3.V9\Tyuiu.KosyakovDS.Sprint6.Task3.V9.csproj", "{67C1F27B-7DEB-48A3-B903-294D75763EE2}"
EndProject
Project("{FAE04EC0-301F-11D3-BF4B-00C04F79EFBC}") = "Tyuiu.KosyakovDS.Sprint6.Task3.V9.Lib", "Tyuiu.KosyakovDS.Sprint6.Task3.V9.Lib\Tyuiu.KosyakovDS.Sprint6.Task3.V9.Lib.csproj", "{7A234958-989E-42FB-B9A7-DFADCC6BA72C}"
EndProject
Project("{FAE04EC0-301F-11D3-BF4B-00C04F79EFBC}") = "Tyuiu.KosyakovDS.Sprint6.Task3.V9.Test", "Tyuiu.KosyakovDS.Sprint6.Task3.V9.Test\Tyuiu.KosyakovDS.Sprint6.Task3.V9.Test.csproj", "{23347F04-A7DA-4683-BC8E-FD6B04062485}"
EndProject
Project("{2150E333-8FDC-42A3-9474-1A3956D46DE8}") = "Tyuiu.KosyakovDS.Sprint6.Task4.V18", "Tyuiu.KosyakovDS.Sprint6.Task4.V18", "{E9070AAE-7F59-4EB9-8806-75EC0DC14A7A}"
EndProject
Project("{FAE04EC0-301F-11D3-BF4B-00C04F79EFBC}") = "Tyuiu.KosyakovDS.Sprint6.Task4.V18", "Tyuiu.KosyakovDS.Sprint6.Task4.V18\Tyuiu.KosyakovDS.Sprint6.Task4.V18.csproj", "{CBE6A077-05C5-4FD1-8813-7989E4F01469}"
EndProject
Project("{FAE04EC0-301F-11D3-BF4B-00C04F79EFBC}") = "Tyuiu.KosyakovDS.Sprint6.Task4.V18.Lib", "Tyuiu.KosyakovDS.Sprint6.Task4.V18.Lib\Tyuiu.KosyakovDS.Sprint6.Task4.V18.Lib.csproj", "{697C4D6F-20C0-4665-A636-9F9F1F8617B2}"
EndProject
Project("{FAE04EC0-301F-11D3-BF4B-00C04F79EFBC}") = "Tyuiu.KosyakovDS.Sprint6.Task4.V18.Test", "Tyuiu.KosyakovDS.Sprint6.Task4.V18.Test\Tyuiu.KosyakovDS.Sprint6.Task4.V18.Test.csproj", "{F3D8C771-A116-4AD3-9A9F-5C1984AF9036}"
EndProject
Project("{2150E333-8FDC-42A3-9474-1A3956D46DE8}") = "Tyuiu.KosyakovDS.Sprint6.Task5.V14", "Tyuiu.KosyakovDS.Sprint6.Task5.V14", "{B9E399E9-8D96-413C-913C-4C0B8FE64DD3}"
EndProject
Project("{FAE04EC0-301F-11D3-BF4B-00C04F79EFBC}") = "Tyuiu.KosyakovDS.Sprint6.Task5.V14", "Tyuiu.KosyakovDS.Sprint6.Task5.V14\Tyuiu.KosyakovDS.Sprint6.Task5.V14.csproj", "{A194F45E-8B15-44E2-9361-184886CA9F16}"
EndProject
Project("{FAE04EC0-301F-11D3-BF4B-00C04F79EFBC}") = "Tyuiu.KosyakovDS.Sprint6.Task5.V14.Lib", "Tyuiu.KosyakovDS.Sprint6.Task5.V14.Lib\Tyuiu.KosyakovDS.Sprint6.Task5.V14.Lib.csproj", "{C37DCFB6-1A00-4D5E-9A3C-EDE4F323B2BB}"
EndProject
Project("{FAE04EC0-301F-11D3-BF4B-00C04F79EFBC}") = "Tyuiu.KosyakovDS.Sprint6.Task5.V14.Test", "Tyuiu.KosyakovDS.Sprint6.Task5.V14.Test\Tyuiu.KosyakovDS.Sprint6.Task5.V14.Test.csproj", "{A301344B-FF68-4AB5-A1A8-ECFD3CE13645}"
EndProject
Global
	GlobalSection(SolutionConfigurationPlatforms) = preSolution
		Debug|Any CPU = Debug|Any CPU
		Release|Any CPU = Release|Any CPU
	EndGlobalSection
	GlobalSection(ProjectConfigurationPlatforms) = postSolution
		{1FCECCFC-2625-48D4-9157-E405C80F5F82}.Debug|Any CPU.ActiveCfg = Debug|Any CPU
		{1FCECCFC-2625-48D4-9157-E405C80F5F82}.Debug|Any CPU.Build.0 = Debug|Any CPU
		{1FCECCFC-2625-48D4-9157-E405C80F5F82}.Release|Any CPU.ActiveCfg = Release|Any CPU
		{1FCECCFC-2625-48D4-9157-E405C80F5F82}.Release|Any CPU.Build.0 = Release|Any CPU
		{D3E639FB-708F-4C17-8193-41A9E79A7333}.Debug|Any CPU.ActiveCfg = Debug|Any CPU
		{D3E639FB-708F-4C17-8193-41A9E79A7333}.Debug|Any CPU.Build.0 = Debug|Any CPU
		{D3E639FB-708F-4C17-8193-41A9E79A7333}.Release|Any CPU.ActiveCfg = Release|Any CPU
		{D3E639FB-708F-4C17-8193-41A9E79A7333}.Release|Any CPU.Build.0 = Release|Any CPU
		{75E7235F-09E7-47B0-A176-D45F84B46897}.Debug|Any CPU.ActiveCfg = Debug|Any CPU
		{75E7235F-09E7-47B0-A176-D45F84B46897}.Debug|Any CPU.Build.0 = Debug|Any CPU
		{75E7235F-09E7-47B0-A176-D45F84B46897}.Release|Any CPU.ActiveCfg = Release|Any CPU
		{75E7235F-09E7-47B0-A176-D45F84B46897}.Release|Any CPU.Build.0 = Release|Any CPU
		{C2B9DAF4-CD64-4673-9048-35BBF462E7F8}.Debug|Any CPU.ActiveCfg = Debug|Any CPU
		{C2B9DAF4-CD64-4673-9048-35BBF462E7F8}.Debug|Any CPU.Build.0 = Debug|Any CPU
		{C2B9DAF4-CD64-4673-9048-35BBF462E7F8}.Release|Any CPU.ActiveCfg = Release|Any CPU
		{C2B9DAF4-CD64-4673-9048-35BBF462E7F8}.Release|Any CPU.Build.0 = Release|Any CPU
		{9B315406-F5A5-4A31-AEF1-CD23D553E4DB}.Debug|Any CPU.ActiveCfg = Debug|Any CPU
		{9B315406-F5A5-4A31-AEF1-CD23D553E4DB}.Debug|Any CPU.Build.0 = Debug|Any CPU
		{9B315406-F5A5-4A31-AEF1-CD23D553E4DB}.Release|Any CPU.ActiveCfg = Release|Any CPU
		{9B315406-F5A5-4A31-AEF1-CD23D553E4DB}.Release|Any CPU.Build.0 = Release|Any CPU
		{B6AE803A-A23F-4072-BFF4-100E193310E5}.Debug|Any CPU.ActiveCfg = Debug|Any CPU
		{B6AE803A-A23F-4072-BFF4-100E193310E5}.Debug|Any CPU.Build.0 = Debug|Any CPU
		{B6AE803A-A23F-4072-BFF4-100E193310E5}.Release|Any CPU.ActiveCfg = Release|Any CPU
		{B6AE803A-A23F-4072-BFF4-100E193310E5}.Release|Any CPU.Build.0 = Release|Any CPU
		{2682D5DE-5832-4AC4-B079-0F51F833A908}.Debug|Any CPU.ActiveCfg = Debug|Any CPU
		{2682D5DE-5832-4AC4-B079-0F51F833A908}.Debug|Any CPU.Build.0 = Debug|Any CPU
		{2682D5DE-5832-4AC4-B079-0F51F833A908}.Release|Any CPU.ActiveCfg = Release|Any CPU
		{2682D5DE-5832-4AC4-B079-0F51F833A908}.Release|Any CPU.Build.0 = Release|Any CPU
		{3AA29EEE-B690-4311-A857-25C67633C028}.Debug|Any CPU.ActiveCfg = Debug|Any CPU
		{3AA29EEE-B690-4311-A857-25C67633C028}.Debug|Any CPU.Build.0 = Debug|Any CPU
		{3AA29EEE-B690-4311-A857-25C67633C028}.Release|Any CPU.ActiveCfg = Release|Any CPU
		{3AA29EEE-B690-4311-A857-25C67633C028}.Release|Any CPU.Build.0 = Release|Any CPU
		{F82476FB-7620-4C97-A9C5-4ECCD0A606E6}.Debug|Any CPU.ActiveCfg = Debug|Any CPU
		{F82476FB-7620-4C97-A9C5-4ECCD0A606E6}.Debug|Any CPU.Build.0 = Debug|Any CPU
		{F82476FB-7620-4C97-A9C5-4ECCD0A606E6}.Release|Any CPU.ActiveCfg = Release|Any CPU
		{F82476FB-7620-4C97-A9C5-4ECCD0A606E6}.Release|Any CPU.Build.0 = Release|Any CPU
		{67C1F27B-7DEB-48A3-B903-294D75763EE2}.Debug|Any CPU.ActiveCfg = Debug|Any CPU
		{67C1F27B-7DEB-48A3-B903-294D75763EE2}.Debug|Any CPU.Build.0 = Debug|Any CPU
		{67C1F27B-7DEB-48A3-B903-294D75763EE2}.Release|Any CPU.ActiveCfg = Release|Any CPU
		{67C1F27B-7DEB-48A3-B903-294D75763EE2}.Release|Any CPU.Build.0 = Release|Any CPU
		{7A234958-989E-42FB-B9A7-DFADCC6BA72C}.Debug|Any CPU.ActiveCfg = Debug|Any CPU
		{7A234958-989E-42FB-B9A7-DFADCC6BA72C}.Debug|Any CPU.Build.0 = Debug|Any CPU
		{7A234958-989E-42FB-B9A7-DFADCC6BA72C}.Release|Any CPU.ActiveCfg = Release|Any CPU
		{7A234958-989E-42FB-B9A7-DFADCC6BA72C}.Release|Any CPU.Build.0 = Release|Any CPU
		{23347F04-A7DA-4683-BC8E-FD6B04062485}.Debug|Any CPU.ActiveCfg = Debug|Any CPU
		{23347F04-A7DA-4683-BC8E-FD6B04062485}.Debug|Any CPU.Build.0 = Debug|Any CPU
		{23347F04-A7DA-4683-BC8E-FD6B04062485}.Release|Any CPU.ActiveCfg = Release|Any CPU
		{23347F04-A7DA-4683-BC8E-FD6B04062485}.Release|Any CPU.Build.0 = Release|Any CPU
		{CBE6A077-05C5-4FD1-8813-7989E4F01469}.Debug|Any CPU.ActiveCfg = Debug|Any CPU
		{CBE6A077-05C5-4FD1-8813-7989E4F01469}.Debug|Any CPU.Build.0 = Debug|Any CPU
		{CBE6A077-05C5-4FD1-8813-7989E4F01469}.Release|Any CPU.ActiveCfg = Release|Any CPU
		{CBE6A077-05C5-4FD1-8813-7989E4F01469}.Release|Any CPU.Build.0 = Release|Any CPU
		{697C4D6F-20C0-4665-A636-9F9F1F8617B2}.Debug|Any CPU.ActiveCfg = Debug|Any CPU
		{697C4D6F-20C0-4665-A636-9F9F1F8617B2}.Debug|Any CPU.Build.0 = Debug|Any CPU
		{697C4D6F-20C0-4665-A636-9F9F1F8617B2}.Release|Any CPU.ActiveCfg = Release|Any CPU
		{697C4D6F-20C0-4665-A636-9F9F1F8617B2}.Release|Any CPU.Build.0 = Release|Any CPU
		{F3D8C771-A116-4AD3-9A9F-5C1984AF9036}.Debug|Any CPU.ActiveCfg = Debug|Any CPU
		{F3D8C771-A116-4AD3-9A9F-5C1984AF9036}.Debug|Any CPU.Build.0 = Debug|Any CPU
		{F3D8C771-A116-4AD3-9A9F-5C1984AF9036}.Release|Any CPU.ActiveCfg = Release|Any CPU
		{F3D8C771-A116-4AD3-9A9F-5C1984AF9036}.Release|Any CPU.Build.0 = Release|Any CPU
		{A194F45E-8B15-44E2-9361-184886CA9F16}.Debug|Any CPU.ActiveCfg = Debug|Any CPU
		{A194F45E-8B15-44E2-9361-184886CA9F16}.Debug|Any CPU.Build.0 = Debug|Any CPU
		{A194F45E-8B15-44E2-9361-184886CA9F16}.Release|Any CPU.ActiveCfg = Release|Any CPU
		{A194F45E-8B15-44E2-9361-184886CA9F16}.Release|Any CPU.Build.0 = Release|Any CPU
		{C37DCFB6-1A00-4D5E-9A3C-EDE4F323B2BB}.Debug|Any CPU.ActiveCfg = Debug|Any CPU
		{C37DCFB6-1A00-4D5E-9A3C-EDE4F323B2BB}.Debug|Any CPU.Build.0 = Debug|Any CPU
		{C37DCFB6-1A00-4D5E-9A3C-EDE4F323B2BB}.Release|Any CPU.ActiveCfg = Release|Any CPU
		{C37DCFB6-1A00-4D5E-9A3C-EDE4F323B2BB}.Release|Any CPU.Build.0 = Release|Any CPU
		{A301344B-FF68-4AB5-A1A8-ECFD3CE13645}.Debug|Any CPU.ActiveCfg = Debug|Any CPU
		{A301344B-FF68-4AB5-A1A8-ECFD3CE13645}.Debug|Any CPU.Build.0 = Debug|Any CPU
		{A301344B-FF68-4AB5-A1A8-ECFD3CE13645}.Release|Any CPU.ActiveCfg = Release|Any CPU
		{A301344B-FF68-4AB5-A1A8-ECFD3CE13645}.Release|Any CPU.Build.0 = Release|Any CPU
	EndGlobalSection
	GlobalSection(SolutionProperties) = preSolution
		HideSolutionNode = FALSE
	EndGlobalSection
	GlobalSection(NestedProjects) = preSolution
		{1FCECCFC-2625-48D4-9157-E405C80F5F82} = {02EA681E-C7D8-13C7-8484-4AC65E1B71E8}
		{D3E639FB-708F-4C17-8193-41A9E79A7333} = {02EA681E-C7D8-13C7-8484-4AC65E1B71E8}
		{75E7235F-09E7-47B0-A176-D45F84B46897} = {02EA681E-C7D8-13C7-8484-4AC65E1B71E8}
		{C2B9DAF4-CD64-4673-9048-35BBF462E7F8} = {77DE3C63-13A4-4710-81A3-F6ECF72C3F86}
		{9B315406-F5A5-4A31-AEF1-CD23D553E4DB} = {77DE3C63-13A4-4710-81A3-F6ECF72C3F86}
		{B6AE803A-A23F-4072-BFF4-100E193310E5} = {77DE3C63-13A4-4710-81A3-F6ECF72C3F86}
		{2682D5DE-5832-4AC4-B079-0F51F833A908} = {C947E992-7995-4D8C-95DD-EA85C1577FE4}
		{3AA29EEE-B690-4311-A857-25C67633C028} = {C947E992-7995-4D8C-95DD-EA85C1577FE4}
		{F82476FB-7620-4C97-A9C5-4ECCD0A606E6} = {C947E992-7995-4D8C-95DD-EA85C1577FE4}
		{67C1F27B-7DEB-48A3-B903-294D75763EE2} = {36D690BA-BCEB-426E-961A-ED119541B499}
		{7A234958-989E-42FB-B9A7-DFADCC6BA72C} = {36D690BA-BCEB-426E-961A-ED119541B499}
		{23347F04-A7DA-4683-BC8E-FD6B04062485} = {36D690BA-BCEB-426E-961A-ED119541B499}
		{CBE6A077-05C5-4FD1-8813-7989E4F01469} = {E9070AAE-7F59-4EB9-8806-75EC0DC14A7A}
		{697C4D6F-20C0-4665-A636-9F9F1F8617B2} = {E9070AAE-7F59-4EB9-8806-75EC0DC14A7A}
		{F3D8C771-A116-4AD3-9A9F-5C1984AF9036} = {E9070AAE-7F59-4EB9-8806-75EC0DC14A7A}
		{A194F45E-8B15-44E2-9361-184886CA9F16} = {B9E399E9-8D96-413C-913C-4C0B8FE64DD3}
		{C37DCFB6-1A00-4D5E-9A3C-EDE4F323B2BB} = {B9E399E9-8D96-413C-913C-4C0B8FE64DD3}
		{A301344B-FF68-4AB5-A1A8-ECFD3CE13645} = {B9E399E9-8D96-413C-913C-4C0B8FE64DD3}
	EndGlobalSection
	GlobalSection(ExtensibilityGlobals) = postSolution
		SolutionGuid = {1826CA4D-8B8C-4405-8CF0-DBB799856FAA}
	EndGlobalSection
EndGlobal
